
Microsoft Visual Studio Solution File, Format Version 11.00
# Visual Studio 2010
Project("{FAE04EC0-301F-11D3-BF4B-00C04F79EFBC}") = "boat_simulator", "Assembly-CSharp.csproj", "{3EA7AEFA-D203-FCCD-1EF8-8939261F7E8B}"
EndProject
Project("{FAE04EC0-301F-11D3-BF4B-00C04F79EFBC}") = "boat_simulator", "Assembly-CSharp-Editor.csproj", "{00A15F29-8BC9-ABBE-1D9E-AA8BECFA6482}"
EndProject
Global
	GlobalSection(SolutionConfigurationPlatforms) = preSolution
		Debug|Any CPU = Debug|Any CPU
		Release|Any CPU = Release|Any CPU
	EndGlobalSection
	GlobalSection(ProjectConfigurationPlatforms) = postSolution
		{3EA7AEFA-D203-FCCD-1EF8-8939261F7E8B}.Debug|Any CPU.ActiveCfg = Debug|Any CPU
		{3EA7AEFA-D203-FCCD-1EF8-8939261F7E8B}.Debug|Any CPU.Build.0 = Debug|Any CPU
		{3EA7AEFA-D203-FCCD-1EF8-8939261F7E8B}.Release|Any CPU.ActiveCfg = Release|Any CPU
		{3EA7AEFA-D203-FCCD-1EF8-8939261F7E8B}.Release|Any CPU.Build.0 = Release|Any CPU
		{00A15F29-8BC9-ABBE-1D9E-AA8BECFA6482}.Debug|Any CPU.ActiveCfg = Debug|Any CPU
		{00A15F29-8BC9-ABBE-1D9E-AA8BECFA6482}.Debug|Any CPU.Build.0 = Debug|Any CPU
		{00A15F29-8BC9-ABBE-1D9E-AA8BECFA6482}.Release|Any CPU.ActiveCfg = Release|Any CPU
		{00A15F29-8BC9-ABBE-1D9E-AA8BECFA6482}.Release|Any CPU.Build.0 = Release|Any CPU
	EndGlobalSection
	GlobalSection(SolutionProperties) = preSolution
		HideSolutionNode = FALSE
	EndGlobalSection
	GlobalSection(MonoDevelopProperties) = preSolution
		StartupItem = Assembly-CSharp.csproj
	EndGlobalSection
EndGlobal
